<?xml version="1.0" encoding="utf-8"?>
<Project ToolsVersion="4.0" xmlns="http://schemas.microsoft.com/developer/msbuild/2003">
  <ItemGroup>
    <Filter Include="Source Files">
      <UniqueIdentifier>{4FC737F1-C7A5-4376-A066-2A32D752A2FF}</UniqueIdentifier>
      <Extensions>cpp;c;cc;cxx;def;odl;idl;hpj;bat;asm;asmx</Extensions>
    </Filter>
    <Filter Include="Header Files">
      <UniqueIdentifier>{93995380-89BD-4b04-88EB-625FBE52EBFB}</UniqueIdentifier>
      <Extensions>h;hpp;hxx;hm;inl;inc;xsd</Extensions>
    </Filter>
    <Filter Include="Shader">
      <UniqueIdentifier>{67DA6AB6-F800-4c08-8B7A-83BB121AAD01}</UniqueIdentifier>
      <Extensions>rc;ico;cur;bmp;dlg;rc2;rct;bin;rgs;gif;jpg;jpeg;jpe;resx;tiff;tif;png;wav;mfcribbon-ms</Extensions>
    </Filter>
    <Filter Include="CGUI">
      <UniqueIdentifier>{2d4f41ab-37c9-456d-a0e1-5834d949ab03}</UniqueIdentifier>
    </Filter>
  </ItemGroup>
  <ItemGroup>
    <ClCompile Include="Source\Application.cpp">
      <Filter>Source Files</Filter>
    </ClCompile>
    <ClCompile Include="Source\main.cpp">
      <Filter>Source Files</Filter>
    </ClCompile>
    <ClCompile Include="Source\shader.cpp">
      <Filter>Source Files</Filter>
    </ClCompile>
    <ClCompile Include="Source\Camera2.cpp">
      <Filter>Source Files</Filter>
    </ClCompile>
    <ClCompile Include="Source\Mesh.cpp">
      <Filter>Source Files</Filter>
    </ClCompile>
    <ClCompile Include="Source\Camera.cpp">
      <Filter>Source Files</Filter>
    </ClCompile>
    <ClCompile Include="Source\MeshBuilder.cpp">
      <Filter>Source Files</Filter>
    </ClCompile>
    <ClCompile Include="Source\Utility.cpp">
      <Filter>Source Files</Filter>
    </ClCompile>
    <ClCompile Include="Source\LoadTGA.cpp">
      <Filter>Source Files</Filter>
    </ClCompile>
    <ClCompile Include="Source\Camera3.cpp">
      <Filter>Source Files</Filter>
    </ClCompile>
    <ClCompile Include="Source\LoadOBJ.cpp">
      <Filter>Source Files</Filter>
    </ClCompile>
    <ClCompile Include="Source\SceneBasic.cpp">
      <Filter>Source Files</Filter>
    </ClCompile>
    <ClCompile Include="Source\LoadTexture.cpp">
      <Filter>Source Files</Filter>
    </ClCompile>
    <ClCompile Include="Source\LoadHmap.cpp">
      <Filter>Source Files</Filter>
    </ClCompile>
    <ClCompile Include="Source\SpriteAnimation.cpp">
      <Filter>Source Files</Filter>
    </ClCompile>
    <ClCompile Include="Source\Particle.cpp">
      <Filter>Source Files</Filter>
    </ClCompile>
    <ClCompile Include="Source\ParticleSystem.cpp">
      <Filter>Source Files</Filter>
    </ClCompile>
    <ClCompile Include="Source\DepthFBO.cpp">
      <Filter>Source Files</Filter>
    </ClCompile>
    <ClCompile Include="Source\WaterFBO.cpp">
      <Filter>Source Files</Filter>
    </ClCompile>
    <ClCompile Include="Source\SoundController.cpp">
      <Filter>Source Files</Filter>
    </ClCompile>
    <ClCompile Include="Source\SoundInfo.cpp">
      <Filter>Source Files</Filter>
    </ClCompile>
    <ClCompile Include="Source\KeyboardController.cpp">
      <Filter>Source Files</Filter>
    </ClCompile>
    <ClCompile Include="Source\Entity.cpp">
      <Filter>Source Files</Filter>
    </ClCompile>
    <ClCompile Include="Source\Player.cpp">
      <Filter>Source Files</Filter>
    </ClCompile>
    <ClCompile Include="Source\NPC.cpp">
      <Filter>Source Files</Filter>
    </ClCompile>
    <ClCompile Include="Source\CVaccine.cpp">
      <Filter>Source Files</Filter>
    </ClCompile>
    <ClCompile Include="Source\CVirus.cpp">
      <Filter>Source Files</Filter>
    </ClCompile>
    <ClCompile Include="Source\CGUI\CCompass.cpp">
      <Filter>CGUI</Filter>
    </ClCompile>
    <ClCompile Include="Source\CGUI\CGUI.cpp">
      <Filter>CGUI</Filter>
    </ClCompile>
    <ClCompile Include="Source\CGUI\CImageButton.cpp">
      <Filter>CGUI</Filter>
    </ClCompile>
    <ClCompile Include="Source\CGUI\CImageLabel.cpp">
      <Filter>CGUI</Filter>
    </ClCompile>
    <ClCompile Include="Source\CGUI\CNewsFlash.cpp">
      <Filter>CGUI</Filter>
    </ClCompile>
    <ClCompile Include="Source\CGUI\CProgressBar.cpp">
      <Filter>CGUI</Filter>
    </ClCompile>
    <ClCompile Include="Source\CGUI\CTextBox.cpp">
      <Filter>CGUI</Filter>
    </ClCompile>
    <ClCompile Include="Source\CGUI\CTextButton.cpp">
      <Filter>CGUI</Filter>
    </ClCompile>
    <ClCompile Include="Source\CGUI\CTextLabel.cpp">
      <Filter>CGUI</Filter>
    </ClCompile>
    <ClCompile Include="Source\CGUI\CClock.cpp">
      <Filter>CGUI</Filter>
    </ClCompile>
    <ClCompile Include="Source\CCamera.cpp">
      <Filter>Source Files</Filter>
    </ClCompile>
    <ClCompile Include="Source\CProgressBar3D.cpp">
      <Filter>Source Files</Filter>
    </ClCompile>
    <ClCompile Include="Source\EntityManager.cpp">
      <Filter>Source Files</Filter>
    </ClCompile>
    <ClCompile Include="Source\CTimeControl.cpp">
      <Filter>Source Files</Filter>
    </ClCompile>
    <ClCompile Include="Source\Collider.cpp">
      <Filter>Source Files</Filter>
    </ClCompile>
    <ClCompile Include="Source\Structure.cpp">
      <Filter>Source Files</Filter>
    </ClCompile>
    <ClCompile Include="Source\Cough.cpp">
      <Filter>Source Files</Filter>
    </ClCompile>
    <ClCompile Include="Source\WeaponInfo.cpp">
      <Filter>Source Files</Filter>
    </ClCompile>
    <ClCompile Include="Source\Projectile.cpp">
      <Filter>Source Files</Filter>
    </ClCompile>
    <ClCompile Include="Source\SceneIntro.cpp">
      <Filter>Source Files</Filter>
    </ClCompile>
    <ClCompile Include="Source\VirusLauncher.cpp">
      <Filter>Source Files</Filter>
    </ClCompile>
    <ClCompile Include="Source\AirFreshener.cpp">
      <Filter>Source Files</Filter>
    </ClCompile>
    <ClCompile Include="Source\CUpgrade.cpp">
      <Filter>Source Files</Filter>
    </ClCompile>
    <ClCompile Include="Source\PickUp.cpp">
      <Filter>Source Files</Filter>
    </ClCompile>
    <ClCompile Include="Source\Settings.cpp">
      <Filter>Source Files</Filter>
    </ClCompile>
  </ItemGroup>
  <ItemGroup>
    <ClInclude Include="Source\Application.h">
      <Filter>Header Files</Filter>
    </ClInclude>
    <ClInclude Include="Source\Geometry.h">
      <Filter>Header Files</Filter>
    </ClInclude>
    <ClInclude Include="Source\shader.hpp">
      <Filter>Header Files</Filter>
    </ClInclude>
    <ClInclude Include="Source\Camera.h">
      <Filter>Header Files</Filter>
    </ClInclude>
    <ClInclude Include="Source\Camera2.h">
      <Filter>Header Files</Filter>
    </ClInclude>
    <ClInclude Include="Source\Mesh.h">
      <Filter>Header Files</Filter>
    </ClInclude>
    <ClInclude Include="Source\Vertex.h">
      <Filter>Header Files</Filter>
    </ClInclude>
    <ClInclude Include="Source\MeshBuilder.h">
      <Filter>Header Files</Filter>
    </ClInclude>
    <ClInclude Include="Source\Light.h">
      <Filter>Header Files</Filter>
    </ClInclude>
    <ClInclude Include="Source\Utility.h">
      <Filter>Header Files</Filter>
    </ClInclude>
    <ClInclude Include="Source\Material.h">
      <Filter>Header Files</Filter>
    </ClInclude>
    <ClInclude Include="Source\LoadTGA.h">
      <Filter>Header Files</Filter>
    </ClInclude>
    <ClInclude Include="Source\Camera3.h">
      <Filter>Header Files</Filter>
    </ClInclude>
    <ClInclude Include="Source\LoadOBJ.h">
      <Filter>Header Files</Filter>
    </ClInclude>
    <ClInclude Include="Source\Scene.h">
      <Filter>Header Files</Filter>
    </ClInclude>
    <ClInclude Include="Source\SceneBasic.h">
      <Filter>Header Files</Filter>
    </ClInclude>
    <ClInclude Include="Source\LoadTexture.h">
      <Filter>Header Files</Filter>
    </ClInclude>
    <ClInclude Include="Source\LoadHmap.h">
      <Filter>Header Files</Filter>
    </ClInclude>
    <ClInclude Include="Source\SpriteAnimation.h">
      <Filter>Header Files</Filter>
    </ClInclude>
    <ClInclude Include="Source\Particle.h">
      <Filter>Header Files</Filter>
    </ClInclude>
    <ClInclude Include="Source\ParticleSystem.h">
      <Filter>Header Files</Filter>
    </ClInclude>
    <ClInclude Include="Source\DepthFBO.h">
      <Filter>Header Files</Filter>
    </ClInclude>
    <ClInclude Include="Source\WaterFBO.h">
      <Filter>Header Files</Filter>
    </ClInclude>
    <ClInclude Include="Source\SoundController.h">
      <Filter>Header Files</Filter>
    </ClInclude>
    <ClInclude Include="Source\SoundInfo.h">
      <Filter>Header Files</Filter>
    </ClInclude>
    <ClInclude Include="Source\KeyboardController.h">
      <Filter>Header Files</Filter>
    </ClInclude>
    <ClInclude Include="Source\Entity.h">
      <Filter>Header Files</Filter>
    </ClInclude>
    <ClInclude Include="Source\Player.h">
      <Filter>Header Files</Filter>
    </ClInclude>
    <ClInclude Include="Source\NPC.h">
      <Filter>Header Files</Filter>
    </ClInclude>
    <ClInclude Include="Source\CVaccine.h">
      <Filter>Header Files</Filter>
    </ClInclude>
    <ClInclude Include="Source\CVirus.h">
      <Filter>Header Files</Filter>
    </ClInclude>
    <ClInclude Include="Source\CGUI\CCompass.h">
      <Filter>CGUI</Filter>
    </ClInclude>
    <ClInclude Include="Source\CGUI\CGUI.h">
      <Filter>CGUI</Filter>
    </ClInclude>
    <ClInclude Include="Source\CGUI\CImageButton.h">
      <Filter>CGUI</Filter>
    </ClInclude>
    <ClInclude Include="Source\CGUI\CImageLabel.h">
      <Filter>CGUI</Filter>
    </ClInclude>
    <ClInclude Include="Source\CGUI\CNewsFlash.h">
      <Filter>CGUI</Filter>
    </ClInclude>
    <ClInclude Include="Source\CGUI\CProgressBar.h">
      <Filter>CGUI</Filter>
    </ClInclude>
    <ClInclude Include="Source\CGUI\CTextBox.h">
      <Filter>CGUI</Filter>
    </ClInclude>
    <ClInclude Include="Source\CGUI\CTextButton.h">
      <Filter>CGUI</Filter>
    </ClInclude>
    <ClInclude Include="Source\CGUI\CTextLabel.h">
      <Filter>CGUI</Filter>
    </ClInclude>
    <ClInclude Include="Source\CGUI\CClock.h">
      <Filter>CGUI</Filter>
    </ClInclude>
    <ClInclude Include="Source\CCamera.h">
      <Filter>Header Files</Filter>
    </ClInclude>
    <ClInclude Include="Source\CProgressBar3D.h">
      <Filter>Header Files</Filter>
    </ClInclude>
    <ClInclude Include="Source\EntityManager.h">
      <Filter>Header Files</Filter>
    </ClInclude>
    <ClInclude Include="Source\CTimeControl.h">
      <Filter>Header Files</Filter>
    </ClInclude>
    <ClInclude Include="Source\SceneTexture.h">
      <Filter>Header Files</Filter>
    </ClInclude>
    <ClInclude Include="Source\SceneIntro.h">
      <Filter>Header Files</Filter>
    </ClInclude>
    <ClInclude Include="Source\Collider.h">
      <Filter>Header Files</Filter>
    </ClInclude>
    <ClInclude Include="Source\Structure.h">
      <Filter>Header Files</Filter>
    </ClInclude>
    <ClInclude Include="Source\Cough.h">
      <Filter>Header Files</Filter>
    </ClInclude>
    <ClInclude Include="Source\WeaponInfo.h">
      <Filter>Header Files</Filter>
    </ClInclude>
    <ClInclude Include="Source\Projectile.h">
      <Filter>Header Files</Filter>
    </ClInclude>
    <ClInclude Include="Source\VirusLauncher.h">
      <Filter>Header Files</Filter>
    </ClInclude>
    <ClInclude Include="Source\AirFreshener.h">
      <Filter>Header Files</Filter>
    </ClInclude>
    <ClInclude Include="Source\CUpgrade.h">
      <Filter>Header Files</Filter>
    </ClInclude>
    <ClInclude Include="Source\PickUp.h">
      <Filter>Header Files</Filter>
    </ClInclude>
    <ClInclude Include="Source\Settings.h">
      <Filter>Header Files</Filter>
    </ClInclude>
    <ClInclude Include="Source\filesystem.h">
      <Filter>Header Files</Filter>
    </ClInclude>
  </ItemGroup>
  <ItemGroup>
    <None Include="Shader\Shadow.vertexshader">
      <Filter>Shader</Filter>
    </None>
    <None Include="Shader\Shadow.fragmentshader">
      <Filter>Shader</Filter>
    </None>
  </ItemGroup>
</Project>